// !$*UTF8*$!
{
	archiveVersion = 1;
	classes = {
	};
	objectVersion = 46;
	objects = {

/* Begin PBXBuildFile section */
		5B5C0AC3CBC545CFECCB80AD /* libPods.a in Frameworks */ = {isa = PBXBuildFile; fileRef = 0F7C7AB6E704A3AACC8E25F2 /* libPods.a */; };
		E645600B1C18B50400409EE7 /* FDCountDownLabel.swift in Sources */ = {isa = PBXBuildFile; fileRef = E64560091C18B50400409EE7 /* FDCountDownLabel.swift */; };
		E645600C1C18B50400409EE7 /* FDRaceViewController.swift in Sources */ = {isa = PBXBuildFile; fileRef = E645600A1C18B50400409EE7 /* FDRaceViewController.swift */; };
		E645600E1C18B55400409EE7 /* FDConnectViewController.swift in Sources */ = {isa = PBXBuildFile; fileRef = E645600D1C18B55400409EE7 /* FDConnectViewController.swift */; };
		E64560111C18B9AE00409EE7 /* SIOSocket+Flappy.swift in Sources */ = {isa = PBXBuildFile; fileRef = E64560101C18B9AE00409EE7 /* SIOSocket+Flappy.swift */; };
		E64560131C18C21300409EE7 /* FDConstant.swift in Sources */ = {isa = PBXBuildFile; fileRef = E64560121C18C21300409EE7 /* FDConstant.swift */; };
		E64560191C18EDFF00409EE7 /* FDDrone.m in Sources */ = {isa = PBXBuildFile; fileRef = E64560181C18EDFF00409EE7 /* FDDrone.m */; };
		E67B2E571C115665009B9D59 /* AppDelegate.swift in Sources */ = {isa = PBXBuildFile; fileRef = E67B2E4D1C115665009B9D59 /* AppDelegate.swift */; };
		E67B2E5A1C115665009B9D59 /* LaunchScreen.storyboard in Resources */ = {isa = PBXBuildFile; fileRef = E67B2E511C115665009B9D59 /* LaunchScreen.storyboard */; };
		E67B2E5B1C115665009B9D59 /* Main.storyboard in Resources */ = {isa = PBXBuildFile; fileRef = E67B2E521C115665009B9D59 /* Main.storyboard */; };
		E67B2E5C1C115665009B9D59 /* Assets.xcassets in Resources */ = {isa = PBXBuildFile; fileRef = E67B2E541C115665009B9D59 /* Assets.xcassets */; };
		E67B2E5D1C115665009B9D59 /* Info.plist in Resources */ = {isa = PBXBuildFile; fileRef = E67B2E561C115665009B9D59 /* Info.plist */; };
/* End PBXBuildFile section */

/* Begin PBXFileReference section */
		0F7C7AB6E704A3AACC8E25F2 /* libPods.a */ = {isa = PBXFileReference; explicitFileType = archive.ar; includeInIndex = 0; path = libPods.a; sourceTree = BUILT_PRODUCTS_DIR; };
		8C1D00E3637622A07DF59BA5 /* Pods.debug.xcconfig */ = {isa = PBXFileReference; includeInIndex = 1; lastKnownFileType = text.xcconfig; name = Pods.debug.xcconfig; path = "Pods/Target Support Files/Pods/Pods.debug.xcconfig"; sourceTree = "<group>"; };
		DD6C355BBCB29933B38FCA32 /* Pods.release.xcconfig */ = {isa = PBXFileReference; includeInIndex = 1; lastKnownFileType = text.xcconfig; name = Pods.release.xcconfig; path = "Pods/Target Support Files/Pods/Pods.release.xcconfig"; sourceTree = "<group>"; };
		E64560091C18B50400409EE7 /* FDCountDownLabel.swift */ = {isa = PBXFileReference; fileEncoding = 4; lastKnownFileType = sourcecode.swift; path = FDCountDownLabel.swift; sourceTree = "<group>"; };
		E645600A1C18B50400409EE7 /* FDRaceViewController.swift */ = {isa = PBXFileReference; fileEncoding = 4; lastKnownFileType = sourcecode.swift; path = FDRaceViewController.swift; sourceTree = "<group>"; };
		E645600D1C18B55400409EE7 /* FDConnectViewController.swift */ = {isa = PBXFileReference; fileEncoding = 4; lastKnownFileType = sourcecode.swift; path = FDConnectViewController.swift; sourceTree = "<group>"; };
		E64560101C18B9AE00409EE7 /* SIOSocket+Flappy.swift */ = {isa = PBXFileReference; fileEncoding = 4; lastKnownFileType = sourcecode.swift; path = "SIOSocket+Flappy.swift"; sourceTree = "<group>"; };
		E64560121C18C21300409EE7 /* FDConstant.swift */ = {isa = PBXFileReference; fileEncoding = 4; lastKnownFileType = sourcecode.swift; path = FDConstant.swift; sourceTree = "<group>"; };
		E64560171C18EDFF00409EE7 /* FDDrone.h */ = {isa = PBXFileReference; fileEncoding = 4; lastKnownFileType = sourcecode.c.h; path = FDDrone.h; sourceTree = "<group>"; };
		E64560181C18EDFF00409EE7 /* FDDrone.m */ = {isa = PBXFileReference; fileEncoding = 4; lastKnownFileType = sourcecode.c.objc; path = FDDrone.m; sourceTree = "<group>"; };
		E67B2E4D1C115665009B9D59 /* AppDelegate.swift */ = {isa = PBXFileReference; fileEncoding = 4; lastKnownFileType = sourcecode.swift; path = AppDelegate.swift; sourceTree = "<group>"; };
		E67B2E501C115665009B9D59 /* Flappy-Drone-Bridging-Header.h */ = {isa = PBXFileReference; fileEncoding = 4; lastKnownFileType = sourcecode.c.h; path = "Flappy-Drone-Bridging-Header.h"; sourceTree = "<group>"; };
		E67B2E511C115665009B9D59 /* LaunchScreen.storyboard */ = {isa = PBXFileReference; fileEncoding = 4; lastKnownFileType = file.storyboard; path = LaunchScreen.storyboard; sourceTree = "<group>"; };
		E67B2E521C115665009B9D59 /* Main.storyboard */ = {isa = PBXFileReference; fileEncoding = 4; lastKnownFileType = file.storyboard; path = Main.storyboard; sourceTree = "<group>"; };
		E67B2E541C115665009B9D59 /* Assets.xcassets */ = {isa = PBXFileReference; lastKnownFileType = folder.assetcatalog; path = Assets.xcassets; sourceTree = "<group>"; };
		E67B2E561C115665009B9D59 /* Info.plist */ = {isa = PBXFileReference; fileEncoding = 4; lastKnownFileType = text.plist.xml; path = Info.plist; sourceTree = "<group>"; };
		E69516B91C14F43B00F3A128 /* CoreBluetooth.framework */ = {isa = PBXFileReference; lastKnownFileType = wrapper.framework; name = CoreBluetooth.framework; path = System/Library/Frameworks/CoreBluetooth.framework; sourceTree = SDKROOT; };
		E6FED1F21C067FD700AEA68B /* Flappy-Drone.app */ = {isa = PBXFileReference; explicitFileType = wrapper.application; includeInIndex = 0; path = "Flappy-Drone.app"; sourceTree = BUILT_PRODUCTS_DIR; };
/* End PBXFileReference section */

/* Begin PBXFrameworksBuildPhase section */
		E6FED1EF1C067FD700AEA68B /* Frameworks */ = {
			isa = PBXFrameworksBuildPhase;
			buildActionMask = 2147483647;
			files = (
				5B5C0AC3CBC545CFECCB80AD /* libPods.a in Frameworks */,
			);
			runOnlyForDeploymentPostprocessing = 0;
		};
/* End PBXFrameworksBuildPhase section */

/* Begin PBXGroup section */
		5B0F7B6C59132FA6B7B535B0 /* Pods */ = {
			isa = PBXGroup;
			children = (
				8C1D00E3637622A07DF59BA5 /* Pods.debug.xcconfig */,
				DD6C355BBCB29933B38FCA32 /* Pods.release.xcconfig */,
			);
			name = Pods;
			sourceTree = "<group>";
		};
		62CAC63E879C59D6B73D315B /* Frameworks */ = {
			isa = PBXGroup;
			children = (
				E69516B91C14F43B00F3A128 /* CoreBluetooth.framework */,
				0F7C7AB6E704A3AACC8E25F2 /* libPods.a */,
			);
			name = Frameworks;
			sourceTree = "<group>";
		};
		E64560071C18B50400409EE7 /* Connect */ = {
			isa = PBXGroup;
			children = (
				E645600D1C18B55400409EE7 /* FDConnectViewController.swift */,
			);
			path = Connect;
			sourceTree = "<group>";
		};
		E64560081C18B50400409EE7 /* Race */ = {
			isa = PBXGroup;
			children = (
				E645600A1C18B50400409EE7 /* FDRaceViewController.swift */,
				E64560091C18B50400409EE7 /* FDCountDownLabel.swift */,
			);
			path = Race;
			sourceTree = "<group>";
		};
		E645600F1C18B9AE00409EE7 /* WebSocket */ = {
			isa = PBXGroup;
			children = (
				E64560101C18B9AE00409EE7 /* SIOSocket+Flappy.swift */,
			);
			path = WebSocket;
			sourceTree = "<group>";
		};
		E64560141C18EB8700409EE7 /* Drone */ = {
			isa = PBXGroup;
			children = (
				E64560171C18EDFF00409EE7 /* FDDrone.h */,
				E64560181C18EDFF00409EE7 /* FDDrone.m */,
			);
			path = Drone;
			sourceTree = "<group>";
		};
		E67B2E4C1C115665009B9D59 /* Classes */ = {
			isa = PBXGroup;
			children = (
				E67B2E501C115665009B9D59 /* Flappy-Drone-Bridging-Header.h */,
				E64560121C18C21300409EE7 /* FDConstant.swift */,
				E67B2E4D1C115665009B9D59 /* AppDelegate.swift */,
				E64560071C18B50400409EE7 /* Connect */,
				E64560081C18B50400409EE7 /* Race */,
				E645600F1C18B9AE00409EE7 /* WebSocket */,
				E64560141C18EB8700409EE7 /* Drone */,
				E67B2E511C115665009B9D59 /* LaunchScreen.storyboard */,
				E67B2E521C115665009B9D59 /* Main.storyboard */,
			);
			path = Classes;
			sourceTree = "<group>";
		};
		E67B2E531C115665009B9D59 /* Resources */ = {
			isa = PBXGroup;
			children = (
				E67B2E541C115665009B9D59 /* Assets.xcassets */,
				E67B2E551C115665009B9D59 /* Plists */,
			);
			path = Resources;
			sourceTree = "<group>";
		};
		E67B2E551C115665009B9D59 /* Plists */ = {
			isa = PBXGroup;
			children = (
				E67B2E561C115665009B9D59 /* Info.plist */,
			);
			path = Plists;
			sourceTree = "<group>";
		};
		E6FED1E91C067FD700AEA68B = {
			isa = PBXGroup;
			children = (
				E6FED1F41C067FD700AEA68B /* Flappy-Drone */,
				E6FED1F31C067FD700AEA68B /* Products */,
				5B0F7B6C59132FA6B7B535B0 /* Pods */,
				62CAC63E879C59D6B73D315B /* Frameworks */,
			);
			sourceTree = "<group>";
		};
		E6FED1F31C067FD700AEA68B /* Products */ = {
			isa = PBXGroup;
			children = (
				E6FED1F21C067FD700AEA68B /* Flappy-Drone.app */,
			);
			name = Products;
			sourceTree = "<group>";
		};
		E6FED1F41C067FD700AEA68B /* Flappy-Drone */ = {
			isa = PBXGroup;
			children = (
				E67B2E4C1C115665009B9D59 /* Classes */,
				E67B2E531C115665009B9D59 /* Resources */,
			);
			path = "Flappy-Drone";
			sourceTree = "<group>";
		};
/* End PBXGroup section */

/* Begin PBXNativeTarget section */
		E6FED1F11C067FD700AEA68B /* Flappy-Drone */ = {
			isa = PBXNativeTarget;
			buildConfigurationList = E6FED2041C067FD700AEA68B /* Build configuration list for PBXNativeTarget "Flappy-Drone" */;
			buildPhases = (
				88FDC2F53616FE794B358554 /* Check Pods Manifest.lock */,
				E6FED1EE1C067FD700AEA68B /* Sources */,
				E6FED1EF1C067FD700AEA68B /* Frameworks */,
				E6FED1F01C067FD700AEA68B /* Resources */,
				F5813D7CFDB76F21DC744AB6 /* Copy Pods Resources */,
				4975E04EB59E172449E13C6F /* Embed Pods Frameworks */,
			);
			buildRules = (
			);
			dependencies = (
			);
			name = "Flappy-Drone";
			productName = "Flappy-Drone";
			productReference = E6FED1F21C067FD700AEA68B /* Flappy-Drone.app */;
			productType = "com.apple.product-type.application";
		};
/* End PBXNativeTarget section */

/* Begin PBXProject section */
		E6FED1EA1C067FD700AEA68B /* Project object */ = {
			isa = PBXProject;
			attributes = {
				LastSwiftUpdateCheck = 0710;
				LastUpgradeCheck = 0710;
				ORGANIZATIONNAME = InolabSF;
				TargetAttributes = {
					E6FED1F11C067FD700AEA68B = {
						CreatedOnToolsVersion = 7.1.1;
					};
				};
			};
			buildConfigurationList = E6FED1ED1C067FD700AEA68B /* Build configuration list for PBXProject "Flappy-Drone" */;
			compatibilityVersion = "Xcode 3.2";
			developmentRegion = English;
			hasScannedForEncodings = 0;
			knownRegions = (
				en,
				Base,
			);
			mainGroup = E6FED1E91C067FD700AEA68B;
			productRefGroup = E6FED1F31C067FD700AEA68B /* Products */;
			projectDirPath = "";
			projectRoot = "";
			targets = (
				E6FED1F11C067FD700AEA68B /* Flappy-Drone */,
			);
		};
/* End PBXProject section */

/* Begin PBXResourcesBuildPhase section */
		E6FED1F01C067FD700AEA68B /* Resources */ = {
			isa = PBXResourcesBuildPhase;
			buildActionMask = 2147483647;
			files = (
				E67B2E5D1C115665009B9D59 /* Info.plist in Resources */,
				E67B2E5A1C115665009B9D59 /* LaunchScreen.storyboard in Resources */,
				E67B2E5C1C115665009B9D59 /* Assets.xcassets in Resources */,
				E67B2E5B1C115665009B9D59 /* Main.storyboard in Resources */,
			);
			runOnlyForDeploymentPostprocessing = 0;
		};
/* End PBXResourcesBuildPhase section */

/* Begin PBXShellScriptBuildPhase section */
		4975E04EB59E172449E13C6F /* Embed Pods Frameworks */ = {
			isa = PBXShellScriptBuildPhase;
			buildActionMask = 2147483647;
			files = (
			);
			inputPaths = (
			);
			name = "Embed Pods Frameworks";
			outputPaths = (
			);
			runOnlyForDeploymentPostprocessing = 0;
			shellPath = /bin/sh;
			shellScript = "\"${SRCROOT}/Pods/Target Support Files/Pods/Pods-frameworks.sh\"\n";
			showEnvVarsInLog = 0;
		};
		88FDC2F53616FE794B358554 /* Check Pods Manifest.lock */ = {
			isa = PBXShellScriptBuildPhase;
			buildActionMask = 2147483647;
			files = (
			);
			inputPaths = (
			);
			name = "Check Pods Manifest.lock";
			outputPaths = (
			);
			runOnlyForDeploymentPostprocessing = 0;
			shellPath = /bin/sh;
			shellScript = "diff \"${PODS_ROOT}/../Podfile.lock\" \"${PODS_ROOT}/Manifest.lock\" > /dev/null\nif [[ $? != 0 ]] ; then\n    cat << EOM\nerror: The sandbox is not in sync with the Podfile.lock. Run 'pod install' or update your CocoaPods installation.\nEOM\n    exit 1\nfi\n";
			showEnvVarsInLog = 0;
		};
		F5813D7CFDB76F21DC744AB6 /* Copy Pods Resources */ = {
			isa = PBXShellScriptBuildPhase;
			buildActionMask = 2147483647;
			files = (
			);
			inputPaths = (
			);
			name = "Copy Pods Resources";
			outputPaths = (
			);
			runOnlyForDeploymentPostprocessing = 0;
			shellPath = /bin/sh;
			shellScript = "\"${SRCROOT}/Pods/Target Support Files/Pods/Pods-resources.sh\"\n";
			showEnvVarsInLog = 0;
		};
/* End PBXShellScriptBuildPhase section */

/* Begin PBXSourcesBuildPhase section */
		E6FED1EE1C067FD700AEA68B /* Sources */ = {
			isa = PBXSourcesBuildPhase;
			buildActionMask = 2147483647;
			files = (
				E645600B1C18B50400409EE7 /* FDCountDownLabel.swift in Sources */,
				E64560131C18C21300409EE7 /* FDConstant.swift in Sources */,
				E64560111C18B9AE00409EE7 /* SIOSocket+Flappy.swift in Sources */,
				E64560191C18EDFF00409EE7 /* FDDrone.m in Sources */,
				E67B2E571C115665009B9D59 /* AppDelegate.swift in Sources */,
				E645600C1C18B50400409EE7 /* FDRaceViewController.swift in Sources */,
				E645600E1C18B55400409EE7 /* FDConnectViewController.swift in Sources */,
			);
			runOnlyForDeploymentPostprocessing = 0;
		};
/* End PBXSourcesBuildPhase section */

/* Begin XCBuildConfiguration section */
		E6FED2021C067FD700AEA68B /* Debug */ = {
			isa = XCBuildConfiguration;
			buildSettings = {
				ALWAYS_SEARCH_USER_PATHS = NO;
				CLANG_CXX_LANGUAGE_STANDARD = "gnu++0x";
				CLANG_CXX_LIBRARY = "libc++";
				CLANG_ENABLE_MODULES = YES;
				CLANG_ENABLE_OBJC_ARC = YES;
				CLANG_WARN_BOOL_CONVERSION = YES;
				CLANG_WARN_CONSTANT_CONVERSION = YES;
				CLANG_WARN_DIRECT_OBJC_ISA_USAGE = YES_ERROR;
				CLANG_WARN_EMPTY_BODY = YES;
				CLANG_WARN_ENUM_CONVERSION = YES;
				CLANG_WARN_INT_CONVERSION = YES;
				CLANG_WARN_OBJC_ROOT_CLASS = YES_ERROR;
				CLANG_WARN_UNREACHABLE_CODE = YES;
				CLANG_WARN__DUPLICATE_METHOD_MATCH = YES;
				"CODE_SIGN_IDENTITY[sdk=iphoneos*]" = "iPhone Developer";
				COPY_PHASE_STRIP = NO;
				DEBUG_INFORMATION_FORMAT = dwarf;
				ENABLE_BITCODE = NO;
				ENABLE_STRICT_OBJC_MSGSEND = YES;
				ENABLE_TESTABILITY = YES;
				GCC_C_LANGUAGE_STANDARD = gnu99;
				GCC_DYNAMIC_NO_PIC = NO;
				GCC_NO_COMMON_BLOCKS = YES;
				GCC_OPTIMIZATION_LEVEL = 0;
				GCC_PREPROCESSOR_DEFINITIONS = (
					"DEBUG=1",
					"$(inherited)",
				);
				GCC_WARN_64_TO_32_BIT_CONVERSION = YES;
				GCC_WARN_ABOUT_RETURN_TYPE = YES_ERROR;
				GCC_WARN_UNDECLARED_SELECTOR = YES;
				GCC_WARN_UNINITIALIZED_AUTOS = YES_AGGRESSIVE;
				GCC_WARN_UNUSED_FUNCTION = YES;
				GCC_WARN_UNUSED_VARIABLE = YES;
				IPHONEOS_DEPLOYMENT_TARGET = 9.1;
				MTL_ENABLE_DEBUG_INFO = YES;
				ONLY_ACTIVE_ARCH = YES;
				SDKROOT = iphoneos;
				SWIFT_OPTIMIZATION_LEVEL = "-Onone";
			};
			name = Debug;
		};
		E6FED2031C067FD700AEA68B /* Release */ = {
			isa = XCBuildConfiguration;
			buildSettings = {
				ALWAYS_SEARCH_USER_PATHS = NO;
				CLANG_CXX_LANGUAGE_STANDARD = "gnu++0x";
				CLANG_CXX_LIBRARY = "libc++";
				CLANG_ENABLE_MODULES = YES;
				CLANG_ENABLE_OBJC_ARC = YES;
				CLANG_WARN_BOOL_CONVERSION = YES;
				CLANG_WARN_CONSTANT_CONVERSION = YES;
				CLANG_WARN_DIRECT_OBJC_ISA_USAGE = YES_ERROR;
				CLANG_WARN_EMPTY_BODY = YES;
				CLANG_WARN_ENUM_CONVERSION = YES;
				CLANG_WARN_INT_CONVERSION = YES;
				CLANG_WARN_OBJC_ROOT_CLASS = YES_ERROR;
				CLANG_WARN_UNREACHABLE_CODE = YES;
				CLANG_WARN__DUPLICATE_METHOD_MATCH = YES;
				"CODE_SIGN_IDENTITY[sdk=iphoneos*]" = "iPhone Developer";
				COPY_PHASE_STRIP = NO;
				DEBUG_INFORMATION_FORMAT = "dwarf-with-dsym";
				ENABLE_BITCODE = NO;
				ENABLE_NS_ASSERTIONS = NO;
				ENABLE_STRICT_OBJC_MSGSEND = YES;
				GCC_C_LANGUAGE_STANDARD = gnu99;
				GCC_NO_COMMON_BLOCKS = YES;
				GCC_WARN_64_TO_32_BIT_CONVERSION = YES;
				GCC_WARN_ABOUT_RETURN_TYPE = YES_ERROR;
				GCC_WARN_UNDECLARED_SELECTOR = YES;
				GCC_WARN_UNINITIALIZED_AUTOS = YES_AGGRESSIVE;
				GCC_WARN_UNUSED_FUNCTION = YES;
				GCC_WARN_UNUSED_VARIABLE = YES;
				IPHONEOS_DEPLOYMENT_TARGET = 9.1;
				MTL_ENABLE_DEBUG_INFO = NO;
				SDKROOT = iphoneos;
				VALIDATE_PRODUCT = YES;
			};
			name = Release;
		};
		E6FED2051C067FD700AEA68B /* Debug */ = {
			isa = XCBuildConfiguration;
			baseConfigurationReference = 8C1D00E3637622A07DF59BA5 /* Pods.debug.xcconfig */;
			buildSettings = {
				ASSETCATALOG_COMPILER_APPICON_NAME = AppIcon;
				CLANG_ENABLE_MODULES = YES;
				ENABLE_BITCODE = NO;
				FRAMEWORK_SEARCH_PATHS = (
					"$(inherited)",
					"$(PROJECT_DIR)/Flappy-Drone/Frameworks",
				);
				INFOPLIST_FILE = "Flappy-Drone/Resources/Plists/Info.plist";
				IPHONEOS_DEPLOYMENT_TARGET = 9.1;
				LD_RUNPATH_SEARCH_PATHS = "$(inherited) @executable_path/Frameworks";
				PRODUCT_BUNDLE_IDENTIFIER = "org.kenzan8000.Flappy-Drone";
				PRODUCT_NAME = "$(TARGET_NAME)";
				SWIFT_OBJC_BRIDGING_HEADER = "Flappy-Drone/Classes/Flappy-Drone-Bridging-Header.h";
				SWIFT_OPTIMIZATION_LEVEL = "-Onone";
			};
			name = Debug;
		};
		E6FED2061C067FD700AEA68B /* Release */ = {
			isa = XCBuildConfiguration;
			baseConfigurationReference = DD6C355BBCB29933B38FCA32 /* Pods.release.xcconfig */;
			buildSettings = {
				ASSETCATALOG_COMPILER_APPICON_NAME = AppIcon;
				CLANG_ENABLE_MODULES = YES;
				ENABLE_BITCODE = NO;
				FRAMEWORK_SEARCH_PATHS = (
					"$(inherited)",
					"$(PROJECT_DIR)/Flappy-Drone/Frameworks",
				);
				INFOPLIST_FILE = "Flappy-Drone/Resources/Plists/Info.plist";
				IPHONEOS_DEPLOYMENT_TARGET = 9.1;
				LD_RUNPATH_SEARCH_PATHS = "$(inherited) @executable_path/Frameworks";
				PRODUCT_BUNDLE_IDENTIFIER = "org.kenzan8000.Flappy-Drone";
				PRODUCT_NAME = "$(TARGET_NAME)";
				SWIFT_OBJC_BRIDGING_HEADER = "Flappy-Drone/Classes/Flappy-Drone-Bridging-Header.h";
			};
			name = Release;
		};
/* End XCBuildConfiguration section */

/* Begin XCConfigurationList section */
		E6FED1ED1C067FD700AEA68B /* Build configuration list for PBXProject "Flappy-Drone" */ = {
			isa = XCConfigurationList;
			buildConfigurations = (
				E6FED2021C067FD700AEA68B /* Debug */,
				E6FED2031C067FD700AEA68B /* Release */,
			);
			defaultConfigurationIsVisible = 0;
			defaultConfigurationName = Release;
		};
		E6FED2041C067FD700AEA68B /* Build configuration list for PBXNativeTarget "Flappy-Drone" */ = {
			isa = XCConfigurationList;
			buildConfigurations = (
				E6FED2051C067FD700AEA68B /* Debug */,
				E6FED2061C067FD700AEA68B /* Release */,
			);
			defaultConfigurationIsVisible = 0;
			defaultConfigurationName = Release;
		};
/* End XCConfigurationList section */
	};
	rootObject = E6FED1EA1C067FD700AEA68B /* Project object */;
}
